
Microsoft Visual Studio Solution File, Format Version 12.00
# Visual Studio Version 16
VisualStudioVersion = 16.0.30225.117
MinimumVisualStudioVersion = 10.0.40219.1
Project("{9A19103F-16F7-4668-BE54-9A1E7A4F7556}") = "PW.UI", "PW.UI\PW.UI.csproj", "{A0F9E6B7-DF3D-434C-9476-C36231CB6925}"
EndProject
Project("{2150E333-8FDC-42A3-9474-1A3956D46DE8}") = "Domain", "Domain", "{58BB7118-9989-496C-8F2A-87D8164D2A85}"
EndProject
Project("{2150E333-8FDC-42A3-9474-1A3956D46DE8}") = "Infrastructure", "Infrastructure", "{8B2F2D3A-B648-4200-93B5-D6D1FDDB31F7}"
EndProject
Project("{2150E333-8FDC-42A3-9474-1A3956D46DE8}") = "Application", "Application", "{8C13F144-512C-463F-A959-A2730140647E}"
EndProject
Project("{9A19103F-16F7-4668-BE54-9A1E7A4F7556}") = "PW.Domain", "PW.Domain\PW.Domain.csproj", "{D9EA61E4-126B-4D59-AE8E-06B1C29C2226}"
EndProject
Project("{9A19103F-16F7-4668-BE54-9A1E7A4F7556}") = "PW.Application", "PW.Application\PW.Application.csproj", "{101E9BD6-C663-4047-8702-90CFFC1DE5A8}"
EndProject
Project("{9A19103F-16F7-4668-BE54-9A1E7A4F7556}") = "PW.ApplicationContracts", "PW.ApplicationContracts\PW.ApplicationContracts.csproj", "{783767F8-4C92-47AA-86C2-1893F37F0A02}"
EndProject
Project("{9A19103F-16F7-4668-BE54-9A1E7A4F7556}") = "PW.Infrastructure.EFCore", "PW.Infrastructure.EFCore\PW.Infrastructure.EFCore.csproj", "{D0C0F1E1-9D11-477E-84FE-4EE269A2DB25}"
EndProject
Project("{9A19103F-16F7-4668-BE54-9A1E7A4F7556}") = "01_Framework", "01_Framework\01_Framework.csproj", "{C0ABB4E6-F7F5-4621-9C10-3EF862715BA6}"
EndProject
Project("{2150E333-8FDC-42A3-9474-1A3956D46DE8}") = "UsersManagement", "UsersManagement", "{790466FB-18A2-4CB7-BB57-B44DFB39512B}"
EndProject
Project("{9A19103F-16F7-4668-BE54-9A1E7A4F7556}") = "PW.Infrastructure.Core", "PW.Infrastructure.Core\PW.Infrastructure.Core.csproj", "{25FCBD88-F557-433A-953F-44FEB307F831}"
EndProject
Project("{9A19103F-16F7-4668-BE54-9A1E7A4F7556}") = "UM.Application", "UsersManagement\UM.Application\UM.Application.csproj", "{D094FD37-3119-435A-A942-143DF38AD51A}"
EndProject
Project("{9A19103F-16F7-4668-BE54-9A1E7A4F7556}") = "UM.Application.Contracts", "UsersManagement\UM.Application.Contracts\UM.Application.Contracts.csproj", "{2126C79A-6117-4F25-9673-BC59C5A63113}"
EndProject
Project("{9A19103F-16F7-4668-BE54-9A1E7A4F7556}") = "UM.Domain", "UsersManagement\UM.Domain\UM.Domain.csproj", "{86A702C8-C08F-4712-9A13-3D603C28A385}"
EndProject
Project("{9A19103F-16F7-4668-BE54-9A1E7A4F7556}") = "UM.Infrastructure.Core", "UsersManagement\UM.Infrastructure.Core\UM.Infrastructure.Core.csproj", "{622D0041-6BCC-44D0-8CAA-467736169F57}"
EndProject
Project("{9A19103F-16F7-4668-BE54-9A1E7A4F7556}") = "UM.Infrastructure.EFCore", "UsersManagement\UM.Infrastructure.EFCore\UM.Infrastructure.EFCore.csproj", "{F5CC3D5B-EE6B-47AB-B26D-2755BE268427}"
EndProject
Global
	GlobalSection(SolutionConfigurationPlatforms) = preSolution
		Debug|Any CPU = Debug|Any CPU
		Release|Any CPU = Release|Any CPU
	EndGlobalSection
	GlobalSection(ProjectConfigurationPlatforms) = postSolution
		{A0F9E6B7-DF3D-434C-9476-C36231CB6925}.Debug|Any CPU.ActiveCfg = Debug|Any CPU
		{A0F9E6B7-DF3D-434C-9476-C36231CB6925}.Debug|Any CPU.Build.0 = Debug|Any CPU
		{A0F9E6B7-DF3D-434C-9476-C36231CB6925}.Release|Any CPU.ActiveCfg = Release|Any CPU
		{A0F9E6B7-DF3D-434C-9476-C36231CB6925}.Release|Any CPU.Build.0 = Release|Any CPU
		{D9EA61E4-126B-4D59-AE8E-06B1C29C2226}.Debug|Any CPU.ActiveCfg = Debug|Any CPU
		{D9EA61E4-126B-4D59-AE8E-06B1C29C2226}.Debug|Any CPU.Build.0 = Debug|Any CPU
		{D9EA61E4-126B-4D59-AE8E-06B1C29C2226}.Release|Any CPU.ActiveCfg = Release|Any CPU
		{D9EA61E4-126B-4D59-AE8E-06B1C29C2226}.Release|Any CPU.Build.0 = Release|Any CPU
		{101E9BD6-C663-4047-8702-90CFFC1DE5A8}.Debug|Any CPU.ActiveCfg = Debug|Any CPU
		{101E9BD6-C663-4047-8702-90CFFC1DE5A8}.Debug|Any CPU.Build.0 = Debug|Any CPU
		{101E9BD6-C663-4047-8702-90CFFC1DE5A8}.Release|Any CPU.ActiveCfg = Release|Any CPU
		{101E9BD6-C663-4047-8702-90CFFC1DE5A8}.Release|Any CPU.Build.0 = Release|Any CPU
		{783767F8-4C92-47AA-86C2-1893F37F0A02}.Debug|Any CPU.ActiveCfg = Debug|Any CPU
		{783767F8-4C92-47AA-86C2-1893F37F0A02}.Debug|Any CPU.Build.0 = Debug|Any CPU
		{783767F8-4C92-47AA-86C2-1893F37F0A02}.Release|Any CPU.ActiveCfg = Release|Any CPU
		{783767F8-4C92-47AA-86C2-1893F37F0A02}.Release|Any CPU.Build.0 = Release|Any CPU
		{D0C0F1E1-9D11-477E-84FE-4EE269A2DB25}.Debug|Any CPU.ActiveCfg = Debug|Any CPU
		{D0C0F1E1-9D11-477E-84FE-4EE269A2DB25}.Debug|Any CPU.Build.0 = Debug|Any CPU
		{D0C0F1E1-9D11-477E-84FE-4EE269A2DB25}.Release|Any CPU.ActiveCfg = Release|Any CPU
		{D0C0F1E1-9D11-477E-84FE-4EE269A2DB25}.Release|Any CPU.Build.0 = Release|Any CPU
		{C0ABB4E6-F7F5-4621-9C10-3EF862715BA6}.Debug|Any CPU.ActiveCfg = Debug|Any CPU
		{C0ABB4E6-F7F5-4621-9C10-3EF862715BA6}.Debug|Any CPU.Build.0 = Debug|Any CPU
		{C0ABB4E6-F7F5-4621-9C10-3EF862715BA6}.Release|Any CPU.ActiveCfg = Release|Any CPU
		{C0ABB4E6-F7F5-4621-9C10-3EF862715BA6}.Release|Any CPU.Build.0 = Release|Any CPU
		{25FCBD88-F557-433A-953F-44FEB307F831}.Debug|Any CPU.ActiveCfg = Debug|Any CPU
		{25FCBD88-F557-433A-953F-44FEB307F831}.Debug|Any CPU.Build.0 = Debug|Any CPU
		{25FCBD88-F557-433A-953F-44FEB307F831}.Release|Any CPU.ActiveCfg = Release|Any CPU
		{25FCBD88-F557-433A-953F-44FEB307F831}.Release|Any CPU.Build.0 = Release|Any CPU
		{D094FD37-3119-435A-A942-143DF38AD51A}.Debug|Any CPU.ActiveCfg = Debug|Any CPU
		{D094FD37-3119-435A-A942-143DF38AD51A}.Debug|Any CPU.Build.0 = Debug|Any CPU
		{D094FD37-3119-435A-A942-143DF38AD51A}.Release|Any CPU.ActiveCfg = Release|Any CPU
		{D094FD37-3119-435A-A942-143DF38AD51A}.Release|Any CPU.Build.0 = Release|Any CPU
		{2126C79A-6117-4F25-9673-BC59C5A63113}.Debug|Any CPU.ActiveCfg = Debug|Any CPU
		{2126C79A-6117-4F25-9673-BC59C5A63113}.Debug|Any CPU.Build.0 = Debug|Any CPU
		{2126C79A-6117-4F25-9673-BC59C5A63113}.Release|Any CPU.ActiveCfg = Release|Any CPU
		{2126C79A-6117-4F25-9673-BC59C5A63113}.Release|Any CPU.Build.0 = Release|Any CPU
		{86A702C8-C08F-4712-9A13-3D603C28A385}.Debug|Any CPU.ActiveCfg = Debug|Any CPU
		{86A702C8-C08F-4712-9A13-3D603C28A385}.Debug|Any CPU.Build.0 = Debug|Any CPU
		{86A702C8-C08F-4712-9A13-3D603C28A385}.Release|Any CPU.ActiveCfg = Release|Any CPU
		{86A702C8-C08F-4712-9A13-3D603C28A385}.Release|Any CPU.Build.0 = Release|Any CPU
		{622D0041-6BCC-44D0-8CAA-467736169F57}.Debug|Any CPU.ActiveCfg = Debug|Any CPU
		{622D0041-6BCC-44D0-8CAA-467736169F57}.Debug|Any CPU.Build.0 = Debug|Any CPU
		{622D0041-6BCC-44D0-8CAA-467736169F57}.Release|Any CPU.ActiveCfg = Release|Any CPU
		{622D0041-6BCC-44D0-8CAA-467736169F57}.Release|Any CPU.Build.0 = Release|Any CPU
		{F5CC3D5B-EE6B-47AB-B26D-2755BE268427}.Debug|Any CPU.ActiveCfg = Debug|Any CPU
		{F5CC3D5B-EE6B-47AB-B26D-2755BE268427}.Debug|Any CPU.Build.0 = Debug|Any CPU
		{F5CC3D5B-EE6B-47AB-B26D-2755BE268427}.Release|Any CPU.ActiveCfg = Release|Any CPU
		{F5CC3D5B-EE6B-47AB-B26D-2755BE268427}.Release|Any CPU.Build.0 = Release|Any CPU
	EndGlobalSection
	GlobalSection(SolutionProperties) = preSolution
		HideSolutionNode = FALSE
	EndGlobalSection
	GlobalSection(NestedProjects) = preSolution
		{D9EA61E4-126B-4D59-AE8E-06B1C29C2226} = {58BB7118-9989-496C-8F2A-87D8164D2A85}
		{101E9BD6-C663-4047-8702-90CFFC1DE5A8} = {8C13F144-512C-463F-A959-A2730140647E}
		{783767F8-4C92-47AA-86C2-1893F37F0A02} = {8C13F144-512C-463F-A959-A2730140647E}
		{D0C0F1E1-9D11-477E-84FE-4EE269A2DB25} = {8B2F2D3A-B648-4200-93B5-D6D1FDDB31F7}
		{25FCBD88-F557-433A-953F-44FEB307F831} = {8B2F2D3A-B648-4200-93B5-D6D1FDDB31F7}
		{D094FD37-3119-435A-A942-143DF38AD51A} = {790466FB-18A2-4CB7-BB57-B44DFB39512B}
		{2126C79A-6117-4F25-9673-BC59C5A63113} = {790466FB-18A2-4CB7-BB57-B44DFB39512B}
		{86A702C8-C08F-4712-9A13-3D603C28A385} = {790466FB-18A2-4CB7-BB57-B44DFB39512B}
		{622D0041-6BCC-44D0-8CAA-467736169F57} = {790466FB-18A2-4CB7-BB57-B44DFB39512B}
		{F5CC3D5B-EE6B-47AB-B26D-2755BE268427} = {790466FB-18A2-4CB7-BB57-B44DFB39512B}
	EndGlobalSection
	GlobalSection(ExtensibilityGlobals) = postSolution
		SolutionGuid = {1D7871C0-5244-4DA5-89C6-671401325A70}
	EndGlobalSection
EndGlobal
